<?xml version="1.0" encoding="utf-8"?>
<Project ToolsVersion="4.0" xmlns="http://schemas.microsoft.com/developer/msbuild/2003">
  <ItemGroup>
    <Filter Include="Source Files">
      <UniqueIdentifier>{4FC737F1-C7A5-4376-A066-2A32D752A2FF}</UniqueIdentifier>
      <Extensions>cpp;c;cc;cxx;def;odl;idl;hpj;bat;asm;asmx</Extensions>
    </Filter>
    <Filter Include="Header Files">
      <UniqueIdentifier>{93995380-89BD-4b04-88EB-625FBE52EBFB}</UniqueIdentifier>
      <Extensions>h;hh;hpp;hxx;hm;inl;inc;xsd</Extensions>
    </Filter>
    <Filter Include="Resource Files">
      <UniqueIdentifier>{D9D6E242-F8AF-46E4-B9FD-80ECBC20BA3E}</UniqueIdentifier>
      <Extensions>qrc;*</Extensions>
      <ParseFiles>false</ParseFiles>
    </Filter>
    <Filter Include="Form Files">
      <UniqueIdentifier>{99349809-55BA-4b9d-BF79-8FDBB0286EB3}</UniqueIdentifier>
      <Extensions>ui</Extensions>
    </Filter>
    <Filter Include="Resource Files">
      <UniqueIdentifier>{D9D6E242-F8AF-46E4-B9FD-80ECBC20BA3E}</UniqueIdentifier>
      <Extensions>qrc;*</Extensions>
      <ParseFiles>false</ParseFiles>
    </Filter>
    <Filter Include="Generated Files">
      <UniqueIdentifier>{71ED8ED8-ACB9-4CE9-BBE1-E00B30144E11}</UniqueIdentifier>
      <Extensions>moc;h;cpp</Extensions>
      <SourceControlFiles>False</SourceControlFiles>
    </Filter>
  </ItemGroup>
  <ItemGroup>
    <QtUic Include="..\..\MainWindow.ui">
      <Filter>Form Files</Filter>
    </QtUic>
    <QtUic Include="..\..\EntityDescriptorWidget.ui">
      <Filter>Form Files</Filter>
    </QtUic>
  </ItemGroup>
  <ItemGroup>
    <Image Include="..\..\icones\attribute.png">
      <Filter>Resource Files</Filter>
    </Image>
    <Image Include="..\..\icones\type.png">
      <Filter>Resource Files</Filter>
    </Image>
    <Image Include="..\..\icones\close.png">
      <Filter>Resource Files</Filter>
    </Image>
    <Image Include="..\..\icones\Schema.png">
      <Filter>Resource Files</Filter>
    </Image>
    <Image Include="..\..\icones\WhiteRect.png">
      <Filter>Resource Files</Filter>
    </Image>
    <Image Include="..\..\icones\find.png">
      <Filter>Resource Files</Filter>
    </Image>
    <Image Include="..\..\icones\Express.png">
      <Filter>Resource Files</Filter>
    </Image>
    <Image Include="..\..\icones\redo.png">
      <Filter>Resource Files</Filter>
    </Image>
    <Image Include="..\..\icones\undo.png">
      <Filter>Resource Files</Filter>
    </Image>
  </ItemGroup>
  <ItemGroup>
    <QtRcc Include="..\..\sclview.qrc">
      <Filter>Resource Files</Filter>
    </QtRcc>
  </ItemGroup>
  <ItemGroup>
    <ClCompile Include="..\..\EntityDescriptorWidget.cpp">
      <Filter>Source Files</Filter>
    </ClCompile>
    <ClCompile Include="..\..\main.cpp">
      <Filter>Source Files</Filter>
    </ClCompile>
    <ClCompile Include="..\..\MainWindow.cpp">
      <Filter>Source Files</Filter>
    </ClCompile>
    <ClCompile Include="..\..\NavigateCommand.cpp">
      <Filter>Source Files</Filter>
    </ClCompile>
    <ClCompile Include="..\..\SchemaTree.cpp">
      <Filter>Source Files</Filter>
    </ClCompile>
    <ClCompile Include="..\..\SchemaTreeDockWidget.cpp">
      <Filter>Source Files</Filter>
    </ClCompile>
    <ClCompile Include="..\..\expressg\EntityItem.cpp">
      <Filter>Source Files</Filter>
    </ClCompile>
    <ClCompile Include="..\..\expressg\ExpressgRectItem.cpp">
      <Filter>Source Files</Filter>
    </ClCompile>
    <ClCompile Include="..\..\expressg\ExpressGScene.cpp">
      <Filter>Source Files</Filter>
    </ClCompile>
    <ClCompile Include="..\..\expressg\ExpressGView.cpp">
      <Filter>Source Files</Filter>
    </ClCompile>
    <ClCompile Include="..\..\expressg\LinkItem.cpp">
      <Filter>Source Files</Filter>
    </ClCompile>
    <ClCompile Include="..\..\expressg\TypeItem.cpp">
      <Filter>Source Files</Filter>
    </ClCompile>
    <ClCompile Include="..\..\textView\ExpressSyntaxHighlighter.cpp">
      <Filter>Source Files</Filter>
    </ClCompile>
    <ClCompile Include="..\..\textView\ExpressTextEdit.cpp">
      <Filter>Source Files</Filter>
    </ClCompile>
    <ClCompile Include="..\..\textView\ExpressViewDockWidget.cpp">
      <Filter>Source Files</Filter>
    </ClCompile>
  </ItemGroup>
  <ItemGroup>
    <QtMoc Include="..\..\EntityDescriptorWidget.h">
      <Filter>Header Files</Filter>
    </QtMoc>
    <QtMoc Include="..\..\MainWindow.h">
      <Filter>Header Files</Filter>
    </QtMoc>
    <QtMoc Include="..\..\SchemaTree.h">
      <Filter>Header Files</Filter>
    </QtMoc>
    <QtMoc Include="..\..\SchemaTreeDockWidget.h">
      <Filter>Header Files</Filter>
    </QtMoc>
    <QtMoc Include="..\..\expressg\ExpressGScene.h">
      <Filter>Header Files</Filter>
    </QtMoc>
    <QtMoc Include="..\..\expressg\ExpressGView.h">
      <Filter>Header Files</Filter>
    </QtMoc>
    <QtMoc Include="..\..\textView\ExpressSyntaxHighlighter.h">
      <Filter>Header Files</Filter>
    </QtMoc>
    <QtMoc Include="..\..\textView\ExpressTextEdit.h">
      <Filter>Header Files</Filter>
    </QtMoc>
    <QtMoc Include="..\..\textView\ExpressViewDockWidget.h">
      <Filter>Header Files</Filter>
    </QtMoc>
  </ItemGroup>
  <ItemGroup>
    <ClInclude Include="..\..\NavigateCommand.h">
      <Filter>Header Files</Filter>
    </ClInclude>
    <ClInclude Include="..\..\expressg\EntityItem.h">
      <Filter>Header Files</Filter>
    </ClInclude>
    <ClInclude Include="..\..\expressg\ExpressgRectItem.h">
      <Filter>Header Files</Filter>
    </ClInclude>
    <ClInclude Include="..\..\expressg\LinkItem.h">
      <Filter>Header Files</Filter>
    </ClInclude>
    <ClInclude Include="..\..\expressg\TypeItem.h">
      <Filter>Header Files</Filter>
    </ClInclude>
  </ItemGroup>
</Project>